// !$*UTF8*$!
{
	archiveVersion = 1;
	classes = {
	};
	objectVersion = 52;
	objects = {

/* Begin PBXBuildFile section */
		F9599267249FBE1F00DBB4D1 /* AppDelegate.swift in Sources */ = {isa = PBXBuildFile; fileRef = F9599266249FBE1F00DBB4D1 /* AppDelegate.swift */; };
		F9599269249FBE1F00DBB4D1 /* SceneDelegate.swift in Sources */ = {isa = PBXBuildFile; fileRef = F9599268249FBE1F00DBB4D1 /* SceneDelegate.swift */; };
		F959926B249FBE1F00DBB4D1 /* ContentView.swift in Sources */ = {isa = PBXBuildFile; fileRef = F959926A249FBE1F00DBB4D1 /* ContentView.swift */; };
		F959926D249FBE1F00DBB4D1 /* Assets.xcassets in Resources */ = {isa = PBXBuildFile; fileRef = F959926C249FBE1F00DBB4D1 /* Assets.xcassets */; };
		F9599270249FBE1F00DBB4D1 /* Preview Assets.xcassets in Resources */ = {isa = PBXBuildFile; fileRef = F959926F249FBE1F00DBB4D1 /* Preview Assets.xcassets */; };
		F9599273249FBE1F00DBB4D1 /* LaunchScreen.storyboard in Resources */ = {isa = PBXBuildFile; fileRef = F9599271249FBE1F00DBB4D1 /* LaunchScreen.storyboard */; };
		F959927E249FBE2000DBB4D1 /* SPMStarterTests.swift in Sources */ = {isa = PBXBuildFile; fileRef = F959927D249FBE2000DBB4D1 /* SPMStarterTests.swift */; };
		F9599289249FBE2000DBB4D1 /* SPMStarterUITests.swift in Sources */ = {isa = PBXBuildFile; fileRef = F9599288249FBE2000DBB4D1 /* SPMStarterUITests.swift */; };
		F9DD559D249FC393000D38F1 /* CleverTap in Frameworks */ = {isa = PBXBuildFile; productRef = F9DD559C249FC393000D38F1 /* CleverTap */; };
/* End PBXBuildFile section */

/* Begin PBXContainerItemProxy section */
		F959927A249FBE2000DBB4D1 /* PBXContainerItemProxy */ = {
			isa = PBXContainerItemProxy;
			containerPortal = F959925B249FBE1F00DBB4D1 /* Project object */;
			proxyType = 1;
			remoteGlobalIDString = F9599262249FBE1F00DBB4D1;
			remoteInfo = SPMStarter;
		};
		F9599285249FBE2000DBB4D1 /* PBXContainerItemProxy */ = {
			isa = PBXContainerItemProxy;
			containerPortal = F959925B249FBE1F00DBB4D1 /* Project object */;
			proxyType = 1;
			remoteGlobalIDString = F9599262249FBE1F00DBB4D1;
			remoteInfo = SPMStarter;
		};
/* End PBXContainerItemProxy section */

/* Begin PBXFileReference section */
		F9599263249FBE1F00DBB4D1 /* SPMStarter.app */ = {isa = PBXFileReference; explicitFileType = wrapper.application; includeInIndex = 0; path = SPMStarter.app; sourceTree = BUILT_PRODUCTS_DIR; };
		F9599266249FBE1F00DBB4D1 /* AppDelegate.swift */ = {isa = PBXFileReference; lastKnownFileType = sourcecode.swift; path = AppDelegate.swift; sourceTree = "<group>"; };
		F9599268249FBE1F00DBB4D1 /* SceneDelegate.swift */ = {isa = PBXFileReference; lastKnownFileType = sourcecode.swift; path = SceneDelegate.swift; sourceTree = "<group>"; };
		F959926A249FBE1F00DBB4D1 /* ContentView.swift */ = {isa = PBXFileReference; lastKnownFileType = sourcecode.swift; path = ContentView.swift; sourceTree = "<group>"; };
		F959926C249FBE1F00DBB4D1 /* Assets.xcassets */ = {isa = PBXFileReference; lastKnownFileType = folder.assetcatalog; path = Assets.xcassets; sourceTree = "<group>"; };
		F959926F249FBE1F00DBB4D1 /* Preview Assets.xcassets */ = {isa = PBXFileReference; lastKnownFileType = folder.assetcatalog; path = "Preview Assets.xcassets"; sourceTree = "<group>"; };
		F9599272249FBE1F00DBB4D1 /* Base */ = {isa = PBXFileReference; lastKnownFileType = file.storyboard; name = Base; path = Base.lproj/LaunchScreen.storyboard; sourceTree = "<group>"; };
		F9599274249FBE1F00DBB4D1 /* Info.plist */ = {isa = PBXFileReference; lastKnownFileType = text.plist.xml; path = Info.plist; sourceTree = "<group>"; };
		F9599279249FBE2000DBB4D1 /* SPMStarterTests.xctest */ = {isa = PBXFileReference; explicitFileType = wrapper.cfbundle; includeInIndex = 0; path = SPMStarterTests.xctest; sourceTree = BUILT_PRODUCTS_DIR; };
		F959927D249FBE2000DBB4D1 /* SPMStarterTests.swift */ = {isa = PBXFileReference; lastKnownFileType = sourcecode.swift; path = SPMStarterTests.swift; sourceTree = "<group>"; };
		F959927F249FBE2000DBB4D1 /* Info.plist */ = {isa = PBXFileReference; lastKnownFileType = text.plist.xml; path = Info.plist; sourceTree = "<group>"; };
		F9599284249FBE2000DBB4D1 /* SPMStarterUITests.xctest */ = {isa = PBXFileReference; explicitFileType = wrapper.cfbundle; includeInIndex = 0; path = SPMStarterUITests.xctest; sourceTree = BUILT_PRODUCTS_DIR; };
		F9599288249FBE2000DBB4D1 /* SPMStarterUITests.swift */ = {isa = PBXFileReference; lastKnownFileType = sourcecode.swift; path = SPMStarterUITests.swift; sourceTree = "<group>"; };
		F959928A249FBE2000DBB4D1 /* Info.plist */ = {isa = PBXFileReference; lastKnownFileType = text.plist.xml; path = Info.plist; sourceTree = "<group>"; };
/* End PBXFileReference section */

/* Begin PBXFrameworksBuildPhase section */
		F9599260249FBE1F00DBB4D1 /* Frameworks */ = {
			isa = PBXFrameworksBuildPhase;
			buildActionMask = 2147483647;
			files = (
				F9DD559D249FC393000D38F1 /* CleverTap in Frameworks */,
			);
			runOnlyForDeploymentPostprocessing = 0;
		};
		F9599276249FBE2000DBB4D1 /* Frameworks */ = {
			isa = PBXFrameworksBuildPhase;
			buildActionMask = 2147483647;
			files = (
			);
			runOnlyForDeploymentPostprocessing = 0;
		};
		F9599281249FBE2000DBB4D1 /* Frameworks */ = {
			isa = PBXFrameworksBuildPhase;
			buildActionMask = 2147483647;
			files = (
			);
			runOnlyForDeploymentPostprocessing = 0;
		};
/* End PBXFrameworksBuildPhase section */

/* Begin PBXGroup section */
		F959925A249FBE1F00DBB4D1 = {
			isa = PBXGroup;
			children = (
				F9599265249FBE1F00DBB4D1 /* SPMStarter */,
				F959927C249FBE2000DBB4D1 /* SPMStarterTests */,
				F9599287249FBE2000DBB4D1 /* SPMStarterUITests */,
				F9599264249FBE1F00DBB4D1 /* Products */,
			);
			sourceTree = "<group>";
		};
		F9599264249FBE1F00DBB4D1 /* Products */ = {
			isa = PBXGroup;
			children = (
				F9599263249FBE1F00DBB4D1 /* SPMStarter.app */,
				F9599279249FBE2000DBB4D1 /* SPMStarterTests.xctest */,
				F9599284249FBE2000DBB4D1 /* SPMStarterUITests.xctest */,
			);
			name = Products;
			sourceTree = "<group>";
		};
		F9599265249FBE1F00DBB4D1 /* SPMStarter */ = {
			isa = PBXGroup;
			children = (
				F9599266249FBE1F00DBB4D1 /* AppDelegate.swift */,
				F9599268249FBE1F00DBB4D1 /* SceneDelegate.swift */,
				F959926A249FBE1F00DBB4D1 /* ContentView.swift */,
				F959926C249FBE1F00DBB4D1 /* Assets.xcassets */,
				F9599271249FBE1F00DBB4D1 /* LaunchScreen.storyboard */,
				F9599274249FBE1F00DBB4D1 /* Info.plist */,
				F959926E249FBE1F00DBB4D1 /* Preview Content */,
			);
			path = SPMStarter;
			sourceTree = "<group>";
		};
		F959926E249FBE1F00DBB4D1 /* Preview Content */ = {
			isa = PBXGroup;
			children = (
				F959926F249FBE1F00DBB4D1 /* Preview Assets.xcassets */,
			);
			path = "Preview Content";
			sourceTree = "<group>";
		};
		F959927C249FBE2000DBB4D1 /* SPMStarterTests */ = {
			isa = PBXGroup;
			children = (
				F959927D249FBE2000DBB4D1 /* SPMStarterTests.swift */,
				F959927F249FBE2000DBB4D1 /* Info.plist */,
			);
			path = SPMStarterTests;
			sourceTree = "<group>";
		};
		F9599287249FBE2000DBB4D1 /* SPMStarterUITests */ = {
			isa = PBXGroup;
			children = (
				F9599288249FBE2000DBB4D1 /* SPMStarterUITests.swift */,
				F959928A249FBE2000DBB4D1 /* Info.plist */,
			);
			path = SPMStarterUITests;
			sourceTree = "<group>";
		};
/* End PBXGroup section */

/* Begin PBXNativeTarget section */
		F9599262249FBE1F00DBB4D1 /* SPMStarter */ = {
			isa = PBXNativeTarget;
			buildConfigurationList = F959928D249FBE2000DBB4D1 /* Build configuration list for PBXNativeTarget "SPMStarter" */;
			buildPhases = (
				F959925F249FBE1F00DBB4D1 /* Sources */,
				F9599260249FBE1F00DBB4D1 /* Frameworks */,
				F9599261249FBE1F00DBB4D1 /* Resources */,
			);
			buildRules = (
			);
			dependencies = (
			);
			name = SPMStarter;
			packageProductDependencies = (
				F9DD559C249FC393000D38F1 /* CleverTap */,
			);
			productName = SPMStarter;
			productReference = F9599263249FBE1F00DBB4D1 /* SPMStarter.app */;
			productType = "com.apple.product-type.application";
		};
		F9599278249FBE2000DBB4D1 /* SPMStarterTests */ = {
			isa = PBXNativeTarget;
			buildConfigurationList = F9599290249FBE2000DBB4D1 /* Build configuration list for PBXNativeTarget "SPMStarterTests" */;
			buildPhases = (
				F9599275249FBE2000DBB4D1 /* Sources */,
				F9599276249FBE2000DBB4D1 /* Frameworks */,
				F9599277249FBE2000DBB4D1 /* Resources */,
			);
			buildRules = (
			);
			dependencies = (
				F959927B249FBE2000DBB4D1 /* PBXTargetDependency */,
			);
			name = SPMStarterTests;
			productName = SPMStarterTests;
			productReference = F9599279249FBE2000DBB4D1 /* SPMStarterTests.xctest */;
			productType = "com.apple.product-type.bundle.unit-test";
		};
		F9599283249FBE2000DBB4D1 /* SPMStarterUITests */ = {
			isa = PBXNativeTarget;
			buildConfigurationList = F9599293249FBE2000DBB4D1 /* Build configuration list for PBXNativeTarget "SPMStarterUITests" */;
			buildPhases = (
				F9599280249FBE2000DBB4D1 /* Sources */,
				F9599281249FBE2000DBB4D1 /* Frameworks */,
				F9599282249FBE2000DBB4D1 /* Resources */,
			);
			buildRules = (
			);
			dependencies = (
				F9599286249FBE2000DBB4D1 /* PBXTargetDependency */,
			);
			name = SPMStarterUITests;
			productName = SPMStarterUITests;
			productReference = F9599284249FBE2000DBB4D1 /* SPMStarterUITests.xctest */;
			productType = "com.apple.product-type.bundle.ui-testing";
		};
/* End PBXNativeTarget section */

/* Begin PBXProject section */
		F959925B249FBE1F00DBB4D1 /* Project object */ = {
			isa = PBXProject;
			attributes = {
				LastSwiftUpdateCheck = 1150;
				LastUpgradeCheck = 1150;
				ORGANIZATIONNAME = CleverTap;
				TargetAttributes = {
					F9599262249FBE1F00DBB4D1 = {
						CreatedOnToolsVersion = 11.5;
					};
					F9599278249FBE2000DBB4D1 = {
						CreatedOnToolsVersion = 11.5;
						TestTargetID = F9599262249FBE1F00DBB4D1;
					};
					F9599283249FBE2000DBB4D1 = {
						CreatedOnToolsVersion = 11.5;
						TestTargetID = F9599262249FBE1F00DBB4D1;
					};
				};
			};
			buildConfigurationList = F959925E249FBE1F00DBB4D1 /* Build configuration list for PBXProject "SPMStarter" */;
			compatibilityVersion = "Xcode 9.3";
			developmentRegion = en;
			hasScannedForEncodings = 0;
			knownRegions = (
				en,
				Base,
			);
			mainGroup = F959925A249FBE1F00DBB4D1;
			packageReferences = (
				F9DD559B249FC393000D38F1 /* XCRemoteSwiftPackageReference "clevertap-ios-sdk" */,
			);
			productRefGroup = F9599264249FBE1F00DBB4D1 /* Products */;
			projectDirPath = "";
			projectRoot = "";
			targets = (
				F9599262249FBE1F00DBB4D1 /* SPMStarter */,
				F9599278249FBE2000DBB4D1 /* SPMStarterTests */,
				F9599283249FBE2000DBB4D1 /* SPMStarterUITests */,
			);
		};
/* End PBXProject section */

/* Begin PBXResourcesBuildPhase section */
		F9599261249FBE1F00DBB4D1 /* Resources */ = {
			isa = PBXResourcesBuildPhase;
			buildActionMask = 2147483647;
			files = (
				F9599273249FBE1F00DBB4D1 /* LaunchScreen.storyboard in Resources */,
				F9599270249FBE1F00DBB4D1 /* Preview Assets.xcassets in Resources */,
				F959926D249FBE1F00DBB4D1 /* Assets.xcassets in Resources */,
			);
			runOnlyForDeploymentPostprocessing = 0;
		};
		F9599277249FBE2000DBB4D1 /* Resources */ = {
			isa = PBXResourcesBuildPhase;
			buildActionMask = 2147483647;
			files = (
			);
			runOnlyForDeploymentPostprocessing = 0;
		};
		F9599282249FBE2000DBB4D1 /* Resources */ = {
			isa = PBXResourcesBuildPhase;
			buildActionMask = 2147483647;
			files = (
			);
			runOnlyForDeploymentPostprocessing = 0;
		};
/* End PBXResourcesBuildPhase section */

/* Begin PBXSourcesBuildPhase section */
		F959925F249FBE1F00DBB4D1 /* Sources */ = {
			isa = PBXSourcesBuildPhase;
			buildActionMask = 2147483647;
			files = (
				F9599267249FBE1F00DBB4D1 /* AppDelegate.swift in Sources */,
				F9599269249FBE1F00DBB4D1 /* SceneDelegate.swift in Sources */,
				F959926B249FBE1F00DBB4D1 /* ContentView.swift in Sources */,
			);
			runOnlyForDeploymentPostprocessing = 0;
		};
		F9599275249FBE2000DBB4D1 /* Sources */ = {
			isa = PBXSourcesBuildPhase;
			buildActionMask = 2147483647;
			files = (
				F959927E249FBE2000DBB4D1 /* SPMStarterTests.swift in Sources */,
			);
			runOnlyForDeploymentPostprocessing = 0;
		};
		F9599280249FBE2000DBB4D1 /* Sources */ = {
			isa = PBXSourcesBuildPhase;
			buildActionMask = 2147483647;
			files = (
				F9599289249FBE2000DBB4D1 /* SPMStarterUITests.swift in Sources */,
			);
			runOnlyForDeploymentPostprocessing = 0;
		};
/* End PBXSourcesBuildPhase section */

/* Begin PBXTargetDependency section */
		F959927B249FBE2000DBB4D1 /* PBXTargetDependency */ = {
			isa = PBXTargetDependency;
			target = F9599262249FBE1F00DBB4D1 /* SPMStarter */;
			targetProxy = F959927A249FBE2000DBB4D1 /* PBXContainerItemProxy */;
		};
		F9599286249FBE2000DBB4D1 /* PBXTargetDependency */ = {
			isa = PBXTargetDependency;
			target = F9599262249FBE1F00DBB4D1 /* SPMStarter */;
			targetProxy = F9599285249FBE2000DBB4D1 /* PBXContainerItemProxy */;
		};
/* End PBXTargetDependency section */

/* Begin PBXVariantGroup section */
		F9599271249FBE1F00DBB4D1 /* LaunchScreen.storyboard */ = {
			isa = PBXVariantGroup;
			children = (
				F9599272249FBE1F00DBB4D1 /* Base */,
			);
			name = LaunchScreen.storyboard;
			sourceTree = "<group>";
		};
/* End PBXVariantGroup section */

/* Begin XCBuildConfiguration section */
		F959928B249FBE2000DBB4D1 /* Debug */ = {
			isa = XCBuildConfiguration;
			buildSettings = {
				ALWAYS_SEARCH_USER_PATHS = NO;
				CLANG_ANALYZER_NONNULL = YES;
				CLANG_ANALYZER_NUMBER_OBJECT_CONVERSION = YES_AGGRESSIVE;
				CLANG_CXX_LANGUAGE_STANDARD = "gnu++14";
				CLANG_CXX_LIBRARY = "libc++";
				CLANG_ENABLE_MODULES = YES;
				CLANG_ENABLE_OBJC_ARC = YES;
				CLANG_ENABLE_OBJC_WEAK = YES;
				CLANG_WARN_BLOCK_CAPTURE_AUTORELEASING = YES;
				CLANG_WARN_BOOL_CONVERSION = YES;
				CLANG_WARN_COMMA = YES;
				CLANG_WARN_CONSTANT_CONVERSION = YES;
				CLANG_WARN_DEPRECATED_OBJC_IMPLEMENTATIONS = YES;
				CLANG_WARN_DIRECT_OBJC_ISA_USAGE = YES_ERROR;
				CLANG_WARN_DOCUMENTATION_COMMENTS = YES;
				CLANG_WARN_EMPTY_BODY = YES;
				CLANG_WARN_ENUM_CONVERSION = YES;
				CLANG_WARN_INFINITE_RECURSION = YES;
				CLANG_WARN_INT_CONVERSION = YES;
				CLANG_WARN_NON_LITERAL_NULL_CONVERSION = YES;
				CLANG_WARN_OBJC_IMPLICIT_RETAIN_SELF = YES;
				CLANG_WARN_OBJC_LITERAL_CONVERSION = YES;
				CLANG_WARN_OBJC_ROOT_CLASS = YES_ERROR;
				CLANG_WARN_RANGE_LOOP_ANALYSIS = YES;
				CLANG_WARN_STRICT_PROTOTYPES = YES;
				CLANG_WARN_SUSPICIOUS_MOVE = YES;
				CLANG_WARN_UNGUARDED_AVAILABILITY = YES_AGGRESSIVE;
				CLANG_WARN_UNREACHABLE_CODE = YES;
				CLANG_WARN__DUPLICATE_METHOD_MATCH = YES;
				COPY_PHASE_STRIP = NO;
				DEBUG_INFORMATION_FORMAT = dwarf;
				ENABLE_STRICT_OBJC_MSGSEND = YES;
				ENABLE_TESTABILITY = YES;
				GCC_C_LANGUAGE_STANDARD = gnu11;
				GCC_DYNAMIC_NO_PIC = NO;
				GCC_NO_COMMON_BLOCKS = YES;
				GCC_OPTIMIZATION_LEVEL = 0;
				GCC_PREPROCESSOR_DEFINITIONS = (
					"DEBUG=1",
					"$(inherited)",
				);
				GCC_WARN_64_TO_32_BIT_CONVERSION = YES;
				GCC_WARN_ABOUT_RETURN_TYPE = YES_ERROR;
				GCC_WARN_UNDECLARED_SELECTOR = YES;
				GCC_WARN_UNINITIALIZED_AUTOS = YES_AGGRESSIVE;
				GCC_WARN_UNUSED_FUNCTION = YES;
				GCC_WARN_UNUSED_VARIABLE = YES;
				IPHONEOS_DEPLOYMENT_TARGET = 13.0;
				MTL_ENABLE_DEBUG_INFO = INCLUDE_SOURCE;
				MTL_FAST_MATH = YES;
				ONLY_ACTIVE_ARCH = YES;
				SDKROOT = iphoneos;
				SWIFT_ACTIVE_COMPILATION_CONDITIONS = DEBUG;
				SWIFT_OPTIMIZATION_LEVEL = "-Onone";
			};
			name = Debug;
		};
		F959928C249FBE2000DBB4D1 /* Release */ = {
			isa = XCBuildConfiguration;
			buildSettings = {
				ALWAYS_SEARCH_USER_PATHS = NO;
				CLANG_ANALYZER_NONNULL = YES;
				CLANG_ANALYZER_NUMBER_OBJECT_CONVERSION = YES_AGGRESSIVE;
				CLANG_CXX_LANGUAGE_STANDARD = "gnu++14";
				CLANG_CXX_LIBRARY = "libc++";
				CLANG_ENABLE_MODULES = YES;
				CLANG_ENABLE_OBJC_ARC = YES;
				CLANG_ENABLE_OBJC_WEAK = YES;
				CLANG_WARN_BLOCK_CAPTURE_AUTORELEASING = YES;
				CLANG_WARN_BOOL_CONVERSION = YES;
				CLANG_WARN_COMMA = YES;
				CLANG_WARN_CONSTANT_CONVERSION = YES;
				CLANG_WARN_DEPRECATED_OBJC_IMPLEMENTATIONS = YES;
				CLANG_WARN_DIRECT_OBJC_ISA_USAGE = YES_ERROR;
				CLANG_WARN_DOCUMENTATION_COMMENTS = YES;
				CLANG_WARN_EMPTY_BODY = YES;
				CLANG_WARN_ENUM_CONVERSION = YES;
				CLANG_WARN_INFINITE_RECURSION = YES;
				CLANG_WARN_INT_CONVERSION = YES;
				CLANG_WARN_NON_LITERAL_NULL_CONVERSION = YES;
				CLANG_WARN_OBJC_IMPLICIT_RETAIN_SELF = YES;
				CLANG_WARN_OBJC_LITERAL_CONVERSION = YES;
				CLANG_WARN_OBJC_ROOT_CLASS = YES_ERROR;
				CLANG_WARN_RANGE_LOOP_ANALYSIS = YES;
				CLANG_WARN_STRICT_PROTOTYPES = YES;
				CLANG_WARN_SUSPICIOUS_MOVE = YES;
				CLANG_WARN_UNGUARDED_AVAILABILITY = YES_AGGRESSIVE;
				CLANG_WARN_UNREACHABLE_CODE = YES;
				CLANG_WARN__DUPLICATE_METHOD_MATCH = YES;
				COPY_PHASE_STRIP = NO;
				DEBUG_INFORMATION_FORMAT = "dwarf-with-dsym";
				ENABLE_NS_ASSERTIONS = NO;
				ENABLE_STRICT_OBJC_MSGSEND = YES;
				GCC_C_LANGUAGE_STANDARD = gnu11;
				GCC_NO_COMMON_BLOCKS = YES;
				GCC_WARN_64_TO_32_BIT_CONVERSION = YES;
				GCC_WARN_ABOUT_RETURN_TYPE = YES_ERROR;
				GCC_WARN_UNDECLARED_SELECTOR = YES;
				GCC_WARN_UNINITIALIZED_AUTOS = YES_AGGRESSIVE;
				GCC_WARN_UNUSED_FUNCTION = YES;
				GCC_WARN_UNUSED_VARIABLE = YES;
				IPHONEOS_DEPLOYMENT_TARGET = 13.0;
				MTL_ENABLE_DEBUG_INFO = NO;
				MTL_FAST_MATH = YES;
				SDKROOT = iphoneos;
				SWIFT_COMPILATION_MODE = wholemodule;
				SWIFT_OPTIMIZATION_LEVEL = "-O";
				VALIDATE_PRODUCT = YES;
			};
			name = Release;
		};
		F959928E249FBE2000DBB4D1 /* Debug */ = {
			isa = XCBuildConfiguration;
			buildSettings = {
				ASSETCATALOG_COMPILER_APPICON_NAME = AppIcon;
				CODE_SIGN_STYLE = Automatic;
				DEVELOPMENT_ASSET_PATHS = "\"SPMStarter/Preview Content\"";
				DEVELOPMENT_TEAM = A5J34NR598;
				ENABLE_PREVIEWS = YES;
				INFOPLIST_FILE = SPMStarter/Info.plist;
				IPHONEOS_DEPLOYMENT_TARGET = 13.0;
				LD_RUNPATH_SEARCH_PATHS = (
					"$(inherited)",
					"@executable_path/Frameworks",
				);
				PRODUCT_BUNDLE_IDENTIFIER = com.clevertap.SPMStarter;
				PRODUCT_NAME = "$(TARGET_NAME)";
				SWIFT_VERSION = 5.0;
				TARGETED_DEVICE_FAMILY = "1,2";
			};
			name = Debug;
		};
		F959928F249FBE2000DBB4D1 /* Release */ = {
			isa = XCBuildConfiguration;
			buildSettings = {
				ASSETCATALOG_COMPILER_APPICON_NAME = AppIcon;
				CODE_SIGN_STYLE = Automatic;
				DEVELOPMENT_ASSET_PATHS = "\"SPMStarter/Preview Content\"";
				DEVELOPMENT_TEAM = A5J34NR598;
				ENABLE_PREVIEWS = YES;
				INFOPLIST_FILE = SPMStarter/Info.plist;
				IPHONEOS_DEPLOYMENT_TARGET = 13.0;
				LD_RUNPATH_SEARCH_PATHS = (
					"$(inherited)",
					"@executable_path/Frameworks",
				);
				PRODUCT_BUNDLE_IDENTIFIER = com.clevertap.SPMStarter;
				PRODUCT_NAME = "$(TARGET_NAME)";
				SWIFT_VERSION = 5.0;
				TARGETED_DEVICE_FAMILY = "1,2";
			};
			name = Release;
		};
		F9599291249FBE2000DBB4D1 /* Debug */ = {
			isa = XCBuildConfiguration;
			buildSettings = {
				ALWAYS_EMBED_SWIFT_STANDARD_LIBRARIES = YES;
				BUNDLE_LOADER = "$(TEST_HOST)";
				CODE_SIGN_STYLE = Automatic;
				DEVELOPMENT_TEAM = A5J34NR598;
				INFOPLIST_FILE = SPMStarterTests/Info.plist;
				IPHONEOS_DEPLOYMENT_TARGET = 13.0;
				LD_RUNPATH_SEARCH_PATHS = (
					"$(inherited)",
					"@executable_path/Frameworks",
					"@loader_path/Frameworks",
				);
				PRODUCT_BUNDLE_IDENTIFIER = com.clevertap.SPMStarterTests;
				PRODUCT_NAME = "$(TARGET_NAME)";
				SWIFT_VERSION = 5.0;
				TARGETED_DEVICE_FAMILY = "1,2";
				TEST_HOST = "$(BUILT_PRODUCTS_DIR)/SPMStarter.app/SPMStarter";
			};
			name = Debug;
		};
		F9599292249FBE2000DBB4D1 /* Release */ = {
			isa = XCBuildConfiguration;
			buildSettings = {
				ALWAYS_EMBED_SWIFT_STANDARD_LIBRARIES = YES;
				BUNDLE_LOADER = "$(TEST_HOST)";
				CODE_SIGN_STYLE = Automatic;
				DEVELOPMENT_TEAM = A5J34NR598;
				INFOPLIST_FILE = SPMStarterTests/Info.plist;
				IPHONEOS_DEPLOYMENT_TARGET = 13.0;
				LD_RUNPATH_SEARCH_PATHS = (
					"$(inherited)",
					"@executable_path/Frameworks",
					"@loader_path/Frameworks",
				);
				PRODUCT_BUNDLE_IDENTIFIER = com.clevertap.SPMStarterTests;
				PRODUCT_NAME = "$(TARGET_NAME)";
				SWIFT_VERSION = 5.0;
				TARGETED_DEVICE_FAMILY = "1,2";
				TEST_HOST = "$(BUILT_PRODUCTS_DIR)/SPMStarter.app/SPMStarter";
			};
			name = Release;
		};
		F9599294249FBE2000DBB4D1 /* Debug */ = {
			isa = XCBuildConfiguration;
			buildSettings = {
				ALWAYS_EMBED_SWIFT_STANDARD_LIBRARIES = YES;
				CODE_SIGN_STYLE = Automatic;
				DEVELOPMENT_TEAM = A5J34NR598;
				INFOPLIST_FILE = SPMStarterUITests/Info.plist;
				IPHONEOS_DEPLOYMENT_TARGET = 13.0;
				LD_RUNPATH_SEARCH_PATHS = (
					"$(inherited)",
					"@executable_path/Frameworks",
					"@loader_path/Frameworks",
				);
				PRODUCT_BUNDLE_IDENTIFIER = com.clevertap.SPMStarterUITests;
				PRODUCT_NAME = "$(TARGET_NAME)";
				SWIFT_VERSION = 5.0;
				TARGETED_DEVICE_FAMILY = "1,2";
				TEST_TARGET_NAME = SPMStarter;
			};
			name = Debug;
		};
		F9599295249FBE2000DBB4D1 /* Release */ = {
			isa = XCBuildConfiguration;
			buildSettings = {
				ALWAYS_EMBED_SWIFT_STANDARD_LIBRARIES = YES;
				CODE_SIGN_STYLE = Automatic;
				DEVELOPMENT_TEAM = A5J34NR598;
				INFOPLIST_FILE = SPMStarterUITests/Info.plist;
				IPHONEOS_DEPLOYMENT_TARGET = 13.0;
				LD_RUNPATH_SEARCH_PATHS = (
					"$(inherited)",
					"@executable_path/Frameworks",
					"@loader_path/Frameworks",
				);
				PRODUCT_BUNDLE_IDENTIFIER = com.clevertap.SPMStarterUITests;
				PRODUCT_NAME = "$(TARGET_NAME)";
				SWIFT_VERSION = 5.0;
				TARGETED_DEVICE_FAMILY = "1,2";
				TEST_TARGET_NAME = SPMStarter;
			};
			name = Release;
		};
/* End XCBuildConfiguration section */

/* Begin XCConfigurationList section */
		F959925E249FBE1F00DBB4D1 /* Build configuration list for PBXProject "SPMStarter" */ = {
			isa = XCConfigurationList;
			buildConfigurations = (
				F959928B249FBE2000DBB4D1 /* Debug */,
				F959928C249FBE2000DBB4D1 /* Release */,
			);
			defaultConfigurationIsVisible = 0;
			defaultConfigurationName = Release;
		};
		F959928D249FBE2000DBB4D1 /* Build configuration list for PBXNativeTarget "SPMStarter" */ = {
			isa = XCConfigurationList;
			buildConfigurations = (
				F959928E249FBE2000DBB4D1 /* Debug */,
				F959928F249FBE2000DBB4D1 /* Release */,
			);
			defaultConfigurationIsVisible = 0;
			defaultConfigurationName = Release;
		};
		F9599290249FBE2000DBB4D1 /* Build configuration list for PBXNativeTarget "SPMStarterTests" */ = {
			isa = XCConfigurationList;
			buildConfigurations = (
				F9599291249FBE2000DBB4D1 /* Debug */,
				F9599292249FBE2000DBB4D1 /* Release */,
			);
			defaultConfigurationIsVisible = 0;
			defaultConfigurationName = Release;
		};
		F9599293249FBE2000DBB4D1 /* Build configuration list for PBXNativeTarget "SPMStarterUITests" */ = {
			isa = XCConfigurationList;
			buildConfigurations = (
				F9599294249FBE2000DBB4D1 /* Debug */,
				F9599295249FBE2000DBB4D1 /* Release */,
			);
			defaultConfigurationIsVisible = 0;
			defaultConfigurationName = Release;
		};
/* End XCConfigurationList section */

/* Begin XCRemoteSwiftPackageReference section */
		F9DD559B249FC393000D38F1 /* XCRemoteSwiftPackageReference "clevertap-ios-sdk" */ = {
			isa = XCRemoteSwiftPackageReference;
			repositoryURL = "https://github.com/CleverTap/clevertap-ios-sdk";
			requirement = {
				branch = swiftpm;
				kind = branch;
			};
		};
/* End XCRemoteSwiftPackageReference section */

/* Begin XCSwiftPackageProductDependency section */
		F9DD559C249FC393000D38F1 /* CleverTap */ = {
			isa = XCSwiftPackageProductDependency;
			package = F9DD559B249FC393000D38F1 /* XCRemoteSwiftPackageReference "clevertap-ios-sdk" */;
			productName = CleverTap;
		};
/* End XCSwiftPackageProductDependency section */
	};
	rootObject = F959925B249FBE1F00DBB4D1 /* Project object */;
}
